
Microsoft Visual Studio Solution File, Format Version 11.00
# Visual Studio 2010
Project("{8BC9CEB8-8B4A-11D0-8D11-00A0C91BC942}") = "M4ALL-Engine", "M4ALL-Engine\M4ALL-Engine.vcxproj", "{F67DD1E1-CC90-4DEA-B596-F2F7F828D96F}"
EndProject
Global
	GlobalSection(SolutionConfigurationPlatforms) = preSolution
		Debug|Win32 = Debug|Win32
		Release|Win32 = Release|Win32
	EndGlobalSection
	GlobalSection(ProjectConfigurationPlatforms) = postSolution
		{F67DD1E1-CC90-4DEA-B596-F2F7F828D96F}.Debug|Win32.ActiveCfg = Debug|Win32
		{F67DD1E1-CC90-4DEA-B596-F2F7F828D96F}.Debug|Win32.Build.0 = Debug|Win32
		{F67DD1E1-CC90-4DEA-B596-F2F7F828D96F}.Release|Win32.ActiveCfg = Release|Win32
		{F67DD1E1-CC90-4DEA-B596-F2F7F828D96F}.Release|Win32.Build.0 = Release|Win32
	EndGlobalSection
	GlobalSection(SolutionProperties) = preSolution
		HideSolutionNode = FALSE
	EndGlobalSection
EndGlobal
